{
    "name": "@streamdao/stream-payment-protocol-payment-protocol-js-sdk",
    "version": "0.1.0",
    "lockfileVersion": 2,
    "requires": true,
    "packages": {
        "": {
            "name": "@streamdao/stream-payment-protocol-payment-protocol",
            "version": "0.1.0"
        }
    }
}